
Microsoft Visual Studio Solution File, Format Version 12.00
# Visual Studio Version 16
VisualStudioVersion = 16.0.30413.136
MinimumVisualStudioVersion = 10.0.40219.1
Project("{9A19103F-16F7-4668-BE54-9A1E7A4F7556}") = "FEWebApplication", "FEWebApplication\FEWebApplication.csproj", "{397E5BBD-BBE9-4F9A-A162-752726E30679}"
EndProject
Project("{2150E333-8FDC-42A3-9474-1A3956D46DE8}") = "middleware", "middleware", "{9A5A016C-67D5-464E-907C-024EF9DA2E91}"
EndProject
Project("{9A19103F-16F7-4668-BE54-9A1E7A4F7556}") = "Fe.Servidor.Middleware", "Fe.Servidor.Middleware\Fe.Servidor.Middleware.csproj", "{D916492F-F248-431C-BEB4-DD820CDE88D2}"
EndProject
Project("{2150E333-8FDC-42A3-9474-1A3956D46DE8}") = "core", "core", "{32423D4D-F363-41A1-A3CA-D988078AA5A3}"
EndProject
Project("{2150E333-8FDC-42A3-9474-1A3956D46DE8}") = "dominio", "dominio", "{57F249F9-3774-4621-9241-40CB1858233F}"
EndProject
Project("{2150E333-8FDC-42A3-9474-1A3956D46DE8}") = "trueques", "trueques", "{CF263A3E-EC76-490C-9084-328F26DA4DA9}"
EndProject
Project("{2150E333-8FDC-42A3-9474-1A3956D46DE8}") = "contenido", "contenido", "{F2006990-6552-47CB-9481-E51E208F0128}"
EndProject
Project("{2150E333-8FDC-42A3-9474-1A3956D46DE8}") = "pedidos", "pedidos", "{250C2F48-8FCF-4B81-8C65-E846A3669E15}"
EndProject
Project("{2150E333-8FDC-42A3-9474-1A3956D46DE8}") = "facturas", "facturas", "{2B835DE2-E4A5-40B5-946B-54E614E20811}"
EndProject
Project("{2150E333-8FDC-42A3-9474-1A3956D46DE8}") = "devoluciones", "devoluciones", "{255431E0-9B59-4881-995E-2CD21D55CC1C}"
EndProject
Project("{9A19103F-16F7-4668-BE54-9A1E7A4F7556}") = "Fe.Dominio.trueques", "Fe.Dominio.trueques\Fe.Dominio.trueques.csproj", "{622F1A77-53B6-4AE6-A9E3-F512A7AB58D8}"
EndProject
Project("{9A19103F-16F7-4668-BE54-9A1E7A4F7556}") = "Fe.Dominio.pedidos", "Fe.Dominio.pedidos\Fe.Dominio.pedidos.csproj", "{CA241593-6103-4F17-B3E1-4D135AEBC582}"
EndProject
Project("{9A19103F-16F7-4668-BE54-9A1E7A4F7556}") = "Fe.Dominio.facturas", "Fe.Dominio.facturas\Fe.Dominio.facturas.csproj", "{B3977F71-12A3-40CC-B620-7537DB08EE8E}"
EndProject
Project("{9A19103F-16F7-4668-BE54-9A1E7A4F7556}") = "Fe.Dominio.devoluciones", "Fe.Dominio.devoluciones\Fe.Dominio.devoluciones.csproj", "{9EDD15BC-AE82-4586-8F38-9C5192472F2C}"
EndProject
Project("{9A19103F-16F7-4668-BE54-9A1E7A4F7556}") = "Fe.Dominio.contenido", "Fe.Dominio.contenido\Fe.Dominio.contenido.csproj", "{8E21B1CD-F2BA-4AC4-98AC-052C1A576031}"
EndProject
Project("{2150E333-8FDC-42A3-9474-1A3956D46DE8}") = "general", "general", "{E7D2F4A2-92FB-4916-8305-EFAC0002057D}"
EndProject
Project("{2150E333-8FDC-42A3-9474-1A3956D46DE8}") = "global", "global", "{B714016E-19D4-44E2-9030-BC67A2224AEA}"
EndProject
Project("{2150E333-8FDC-42A3-9474-1A3956D46DE8}") = "seguridad", "seguridad", "{EE7BEB40-57F8-498A-B78A-776353139723}"
EndProject
Project("{9A19103F-16F7-4668-BE54-9A1E7A4F7556}") = "Fe.Core.General", "Fe.Core.General\Fe.Core.General.csproj", "{649D0819-C90C-4A74-92C4-1CCF0D8B3D11}"
EndProject
Project("{9A19103F-16F7-4668-BE54-9A1E7A4F7556}") = "Fe.Core.Global", "Fe.Core.Global\Fe.Core.Global.csproj", "{382B7666-8FC2-4FB8-9A82-065562FD2D7E}"
EndProject
Project("{9A19103F-16F7-4668-BE54-9A1E7A4F7556}") = "Fe.Core.Seguridad", "Fe.Core.Seguridad\Fe.Core.Seguridad.csproj", "{E0634EB9-E006-4EC0-A4A4-307CBCA792D0}"
EndProject
Global
	GlobalSection(SolutionConfigurationPlatforms) = preSolution
		Debug|Any CPU = Debug|Any CPU
		Release|Any CPU = Release|Any CPU
	EndGlobalSection
	GlobalSection(ProjectConfigurationPlatforms) = postSolution
		{397E5BBD-BBE9-4F9A-A162-752726E30679}.Debug|Any CPU.ActiveCfg = Debug|Any CPU
		{397E5BBD-BBE9-4F9A-A162-752726E30679}.Debug|Any CPU.Build.0 = Debug|Any CPU
		{397E5BBD-BBE9-4F9A-A162-752726E30679}.Release|Any CPU.ActiveCfg = Release|Any CPU
		{397E5BBD-BBE9-4F9A-A162-752726E30679}.Release|Any CPU.Build.0 = Release|Any CPU
		{D916492F-F248-431C-BEB4-DD820CDE88D2}.Debug|Any CPU.ActiveCfg = Debug|Any CPU
		{D916492F-F248-431C-BEB4-DD820CDE88D2}.Debug|Any CPU.Build.0 = Debug|Any CPU
		{D916492F-F248-431C-BEB4-DD820CDE88D2}.Release|Any CPU.ActiveCfg = Release|Any CPU
		{D916492F-F248-431C-BEB4-DD820CDE88D2}.Release|Any CPU.Build.0 = Release|Any CPU
		{622F1A77-53B6-4AE6-A9E3-F512A7AB58D8}.Debug|Any CPU.ActiveCfg = Debug|Any CPU
		{622F1A77-53B6-4AE6-A9E3-F512A7AB58D8}.Debug|Any CPU.Build.0 = Debug|Any CPU
		{622F1A77-53B6-4AE6-A9E3-F512A7AB58D8}.Release|Any CPU.ActiveCfg = Release|Any CPU
		{622F1A77-53B6-4AE6-A9E3-F512A7AB58D8}.Release|Any CPU.Build.0 = Release|Any CPU
		{CA241593-6103-4F17-B3E1-4D135AEBC582}.Debug|Any CPU.ActiveCfg = Debug|Any CPU
		{CA241593-6103-4F17-B3E1-4D135AEBC582}.Debug|Any CPU.Build.0 = Debug|Any CPU
		{CA241593-6103-4F17-B3E1-4D135AEBC582}.Release|Any CPU.ActiveCfg = Release|Any CPU
		{CA241593-6103-4F17-B3E1-4D135AEBC582}.Release|Any CPU.Build.0 = Release|Any CPU
		{B3977F71-12A3-40CC-B620-7537DB08EE8E}.Debug|Any CPU.ActiveCfg = Debug|Any CPU
		{B3977F71-12A3-40CC-B620-7537DB08EE8E}.Debug|Any CPU.Build.0 = Debug|Any CPU
		{B3977F71-12A3-40CC-B620-7537DB08EE8E}.Release|Any CPU.ActiveCfg = Release|Any CPU
		{B3977F71-12A3-40CC-B620-7537DB08EE8E}.Release|Any CPU.Build.0 = Release|Any CPU
		{9EDD15BC-AE82-4586-8F38-9C5192472F2C}.Debug|Any CPU.ActiveCfg = Debug|Any CPU
		{9EDD15BC-AE82-4586-8F38-9C5192472F2C}.Debug|Any CPU.Build.0 = Debug|Any CPU
		{9EDD15BC-AE82-4586-8F38-9C5192472F2C}.Release|Any CPU.ActiveCfg = Release|Any CPU
		{9EDD15BC-AE82-4586-8F38-9C5192472F2C}.Release|Any CPU.Build.0 = Release|Any CPU
		{8E21B1CD-F2BA-4AC4-98AC-052C1A576031}.Debug|Any CPU.ActiveCfg = Debug|Any CPU
		{8E21B1CD-F2BA-4AC4-98AC-052C1A576031}.Debug|Any CPU.Build.0 = Debug|Any CPU
		{8E21B1CD-F2BA-4AC4-98AC-052C1A576031}.Release|Any CPU.ActiveCfg = Release|Any CPU
		{8E21B1CD-F2BA-4AC4-98AC-052C1A576031}.Release|Any CPU.Build.0 = Release|Any CPU
		{649D0819-C90C-4A74-92C4-1CCF0D8B3D11}.Debug|Any CPU.ActiveCfg = Debug|Any CPU
		{649D0819-C90C-4A74-92C4-1CCF0D8B3D11}.Debug|Any CPU.Build.0 = Debug|Any CPU
		{649D0819-C90C-4A74-92C4-1CCF0D8B3D11}.Release|Any CPU.ActiveCfg = Release|Any CPU
		{649D0819-C90C-4A74-92C4-1CCF0D8B3D11}.Release|Any CPU.Build.0 = Release|Any CPU
		{382B7666-8FC2-4FB8-9A82-065562FD2D7E}.Debug|Any CPU.ActiveCfg = Debug|Any CPU
		{382B7666-8FC2-4FB8-9A82-065562FD2D7E}.Debug|Any CPU.Build.0 = Debug|Any CPU
		{382B7666-8FC2-4FB8-9A82-065562FD2D7E}.Release|Any CPU.ActiveCfg = Release|Any CPU
		{382B7666-8FC2-4FB8-9A82-065562FD2D7E}.Release|Any CPU.Build.0 = Release|Any CPU
		{E0634EB9-E006-4EC0-A4A4-307CBCA792D0}.Debug|Any CPU.ActiveCfg = Debug|Any CPU
		{E0634EB9-E006-4EC0-A4A4-307CBCA792D0}.Debug|Any CPU.Build.0 = Debug|Any CPU
		{E0634EB9-E006-4EC0-A4A4-307CBCA792D0}.Release|Any CPU.ActiveCfg = Release|Any CPU
		{E0634EB9-E006-4EC0-A4A4-307CBCA792D0}.Release|Any CPU.Build.0 = Release|Any CPU
	EndGlobalSection
	GlobalSection(SolutionProperties) = preSolution
		HideSolutionNode = FALSE
	EndGlobalSection
	GlobalSection(NestedProjects) = preSolution
		{D916492F-F248-431C-BEB4-DD820CDE88D2} = {9A5A016C-67D5-464E-907C-024EF9DA2E91}
		{CF263A3E-EC76-490C-9084-328F26DA4DA9} = {57F249F9-3774-4621-9241-40CB1858233F}
		{F2006990-6552-47CB-9481-E51E208F0128} = {57F249F9-3774-4621-9241-40CB1858233F}
		{250C2F48-8FCF-4B81-8C65-E846A3669E15} = {57F249F9-3774-4621-9241-40CB1858233F}
		{2B835DE2-E4A5-40B5-946B-54E614E20811} = {57F249F9-3774-4621-9241-40CB1858233F}
		{255431E0-9B59-4881-995E-2CD21D55CC1C} = {57F249F9-3774-4621-9241-40CB1858233F}
		{622F1A77-53B6-4AE6-A9E3-F512A7AB58D8} = {CF263A3E-EC76-490C-9084-328F26DA4DA9}
		{CA241593-6103-4F17-B3E1-4D135AEBC582} = {250C2F48-8FCF-4B81-8C65-E846A3669E15}
		{B3977F71-12A3-40CC-B620-7537DB08EE8E} = {2B835DE2-E4A5-40B5-946B-54E614E20811}
		{9EDD15BC-AE82-4586-8F38-9C5192472F2C} = {255431E0-9B59-4881-995E-2CD21D55CC1C}
		{8E21B1CD-F2BA-4AC4-98AC-052C1A576031} = {F2006990-6552-47CB-9481-E51E208F0128}
		{E7D2F4A2-92FB-4916-8305-EFAC0002057D} = {32423D4D-F363-41A1-A3CA-D988078AA5A3}
		{B714016E-19D4-44E2-9030-BC67A2224AEA} = {32423D4D-F363-41A1-A3CA-D988078AA5A3}
		{EE7BEB40-57F8-498A-B78A-776353139723} = {32423D4D-F363-41A1-A3CA-D988078AA5A3}
		{649D0819-C90C-4A74-92C4-1CCF0D8B3D11} = {E7D2F4A2-92FB-4916-8305-EFAC0002057D}
		{382B7666-8FC2-4FB8-9A82-065562FD2D7E} = {B714016E-19D4-44E2-9030-BC67A2224AEA}
		{E0634EB9-E006-4EC0-A4A4-307CBCA792D0} = {EE7BEB40-57F8-498A-B78A-776353139723}
	EndGlobalSection
	GlobalSection(ExtensibilityGlobals) = postSolution
		SolutionGuid = {18D08042-ECF2-4852-B616-BF915381DB0C}
	EndGlobalSection
EndGlobal
